
Microsoft Visual Studio Solution File, Format Version 12.00
# Visual Studio Version 16
VisualStudioVersion = 16.0.31019.35
MinimumVisualStudioVersion = 10.0.40219.1
Project("{9A19103F-16F7-4668-BE54-9A1E7A4F7556}") = "CursoMVC", "CursoMVC\CursoMVC.csproj", "{C32C8D2D-BFCD-49EB-B33C-15982D8FA21C}"
EndProject
Project("{9A19103F-16F7-4668-BE54-9A1E7A4F7556}") = "CursoAPI", "CursoAPI\CursoAPI.csproj", "{0A0C6607-C8EB-4792-B18B-B6CD71B836C8}"
EndProject
Project("{FAE04EC0-301F-11D3-BF4B-00C04F79EFBC}") = "CursoTeste", "CursoTeste\CursoTeste.csproj", "{C42F1572-B59D-48E8-AAA2-76D97F059A32}"
EndProject
Global
	GlobalSection(SolutionConfigurationPlatforms) = preSolution
		Debug|Any CPU = Debug|Any CPU
		Release|Any CPU = Release|Any CPU
	EndGlobalSection
	GlobalSection(ProjectConfigurationPlatforms) = postSolution
		{C32C8D2D-BFCD-49EB-B33C-15982D8FA21C}.Debug|Any CPU.ActiveCfg = Debug|Any CPU
		{C32C8D2D-BFCD-49EB-B33C-15982D8FA21C}.Debug|Any CPU.Build.0 = Debug|Any CPU
		{C32C8D2D-BFCD-49EB-B33C-15982D8FA21C}.Release|Any CPU.ActiveCfg = Release|Any CPU
		{C32C8D2D-BFCD-49EB-B33C-15982D8FA21C}.Release|Any CPU.Build.0 = Release|Any CPU
		{0A0C6607-C8EB-4792-B18B-B6CD71B836C8}.Debug|Any CPU.ActiveCfg = Debug|Any CPU
		{0A0C6607-C8EB-4792-B18B-B6CD71B836C8}.Debug|Any CPU.Build.0 = Debug|Any CPU
		{0A0C6607-C8EB-4792-B18B-B6CD71B836C8}.Release|Any CPU.ActiveCfg = Release|Any CPU
		{0A0C6607-C8EB-4792-B18B-B6CD71B836C8}.Release|Any CPU.Build.0 = Release|Any CPU
		{C42F1572-B59D-48E8-AAA2-76D97F059A32}.Debug|Any CPU.ActiveCfg = Debug|Any CPU
		{C42F1572-B59D-48E8-AAA2-76D97F059A32}.Debug|Any CPU.Build.0 = Debug|Any CPU
		{C42F1572-B59D-48E8-AAA2-76D97F059A32}.Release|Any CPU.ActiveCfg = Release|Any CPU
		{C42F1572-B59D-48E8-AAA2-76D97F059A32}.Release|Any CPU.Build.0 = Release|Any CPU
	EndGlobalSection
	GlobalSection(SolutionProperties) = preSolution
		HideSolutionNode = FALSE
	EndGlobalSection
	GlobalSection(ExtensibilityGlobals) = postSolution
		SolutionGuid = {F5983F45-9673-4971-ABF2-29A05143491E}
	EndGlobalSection
EndGlobal
